
Microsoft Visual Studio Solution File, Format Version 12.00
# Visual Studio Version 17
VisualStudioVersion = 17.1.32228.430
MinimumVisualStudioVersion = 10.0.40219.1
Project("{9A19103F-16F7-4668-BE54-9A1E7A4F7556}") = "Validator", "Validator\Validator.csproj", "{3B1FBC3D-F32C-48AB-AB21-1CAD4307A883}"
EndProject
Project("{FAE04EC0-301F-11D3-BF4B-00C04F79EFBC}") = "ValidatorTests", "ValidatorTests\ValidatorTests.csproj", "{2E443BB5-8246-4B55-8246-6E0CAB9589E5}"
EndProject
Global
	GlobalSection(SolutionConfigurationPlatforms) = preSolution
		Debug|Any CPU = Debug|Any CPU
		Release|Any CPU = Release|Any CPU
	EndGlobalSection
	GlobalSection(ProjectConfigurationPlatforms) = postSolution
		{3B1FBC3D-F32C-48AB-AB21-1CAD4307A883}.Debug|Any CPU.ActiveCfg = Debug|Any CPU
		{3B1FBC3D-F32C-48AB-AB21-1CAD4307A883}.Debug|Any CPU.Build.0 = Debug|Any CPU
		{3B1FBC3D-F32C-48AB-AB21-1CAD4307A883}.Release|Any CPU.ActiveCfg = Release|Any CPU
		{3B1FBC3D-F32C-48AB-AB21-1CAD4307A883}.Release|Any CPU.Build.0 = Release|Any CPU
		{2E443BB5-8246-4B55-8246-6E0CAB9589E5}.Debug|Any CPU.ActiveCfg = Debug|Any CPU
		{2E443BB5-8246-4B55-8246-6E0CAB9589E5}.Debug|Any CPU.Build.0 = Debug|Any CPU
		{2E443BB5-8246-4B55-8246-6E0CAB9589E5}.Release|Any CPU.ActiveCfg = Release|Any CPU
		{2E443BB5-8246-4B55-8246-6E0CAB9589E5}.Release|Any CPU.Build.0 = Release|Any CPU
	EndGlobalSection
	GlobalSection(SolutionProperties) = preSolution
		HideSolutionNode = FALSE
	EndGlobalSection
	GlobalSection(ExtensibilityGlobals) = postSolution
		SolutionGuid = {2CDFCD5F-3269-4A86-897D-CF6EA69D417D}
	EndGlobalSection
EndGlobal
